
Microsoft Visual Studio Solution File, Format Version 12.00
# Visual Studio Version 17
VisualStudioVersion = 17.5.33502.453
MinimumVisualStudioVersion = 10.0.40219.1
Project("{FAE04EC0-301F-11D3-BF4B-00C04F79EFBC}") = "Personelid", "Personelid\Personelid.csproj", "{523767C8-1F11-4458-A11E-55438E1386D3}"
EndProject
Global
	GlobalSection(SolutionConfigurationPlatforms) = preSolution
		Debug|Any CPU = Debug|Any CPU
		Release|Any CPU = Release|Any CPU
	EndGlobalSection
	GlobalSection(ProjectConfigurationPlatforms) = postSolution
		{523767C8-1F11-4458-A11E-55438E1386D3}.Debug|Any CPU.ActiveCfg = Debug|Any CPU
		{523767C8-1F11-4458-A11E-55438E1386D3}.Debug|Any CPU.Build.0 = Debug|Any CPU
		{523767C8-1F11-4458-A11E-55438E1386D3}.Release|Any CPU.ActiveCfg = Release|Any CPU
		{523767C8-1F11-4458-A11E-55438E1386D3}.Release|Any CPU.Build.0 = Release|Any CPU
	EndGlobalSection
	GlobalSection(SolutionProperties) = preSolution
		HideSolutionNode = FALSE
	EndGlobalSection
	GlobalSection(ExtensibilityGlobals) = postSolution
		SolutionGuid = {C610634B-14A6-464B-82A0-EA3F7685893F}
	EndGlobalSection
EndGlobal
